
Microsoft Visual Studio Solution File, Format Version 12.00
# Visual Studio 15
VisualStudioVersion = 15.0.27703.2026
MinimumVisualStudioVersion = 10.0.40219.1
Project("{FAE04EC0-301F-11D3-BF4B-00C04F79EFBC}") = "图书管理系统", "图书管理系统\图书管理系统.csproj", "{BF99A4F5-A7D4-47FE-B442-C37A054B8E83}"
EndProject
Global
	GlobalSection(SolutionConfigurationPlatforms) = preSolution
		Debug|Any CPU = Debug|Any CPU
		Release|Any CPU = Release|Any CPU
	EndGlobalSection
	GlobalSection(ProjectConfigurationPlatforms) = postSolution
		{BF99A4F5-A7D4-47FE-B442-C37A054B8E83}.Debug|Any CPU.ActiveCfg = Debug|Any CPU
		{BF99A4F5-A7D4-47FE-B442-C37A054B8E83}.Debug|Any CPU.Build.0 = Debug|Any CPU
		{BF99A4F5-A7D4-47FE-B442-C37A054B8E83}.Release|Any CPU.ActiveCfg = Release|Any CPU
		{BF99A4F5-A7D4-47FE-B442-C37A054B8E83}.Release|Any CPU.Build.0 = Release|Any CPU
	EndGlobalSection
	GlobalSection(SolutionProperties) = preSolution
		HideSolutionNode = FALSE
	EndGlobalSection
	GlobalSection(ExtensibilityGlobals) = postSolution
		SolutionGuid = {AAC7D74A-4C77-4B98-8E9A-72CF667EC049}
	EndGlobalSection
EndGlobal
